// !$*UTF8*$!
{
	archiveVersion = 1;
	classes = {
	};
	objectVersion = 48;
	objects = {

/* Begin PBXBuildFile section */
		35DA912D4FF5E1CC178E51C2 /* Pods_dogInstagram.framework in Frameworks */ = {isa = PBXBuildFile; fileRef = 002B96B954C4322052DB2492 /* Pods_dogInstagram.framework */; };
		7304C9481F95BFDD00866FEF /* AppDelegate.swift in Sources */ = {isa = PBXBuildFile; fileRef = 7304C9471F95BFDD00866FEF /* AppDelegate.swift */; };
		7304C94A1F95BFDD00866FEF /* ViewController.swift in Sources */ = {isa = PBXBuildFile; fileRef = 7304C9491F95BFDD00866FEF /* ViewController.swift */; };
		7304C94F1F95BFDD00866FEF /* Assets.xcassets in Resources */ = {isa = PBXBuildFile; fileRef = 7304C94E1F95BFDD00866FEF /* Assets.xcassets */; };
		7304C9521F95BFDD00866FEF /* LaunchScreen.storyboard in Resources */ = {isa = PBXBuildFile; fileRef = 7304C9501F95BFDD00866FEF /* LaunchScreen.storyboard */; };
		7314B1CF1F95F6CA0049809F /* Main.storyboard in Resources */ = {isa = PBXBuildFile; fileRef = 7304C94B1F95BFDD00866FEF /* Main.storyboard */; };
		7314C6501FA875B600D82CF1 /* Social.framework in Frameworks */ = {isa = PBXBuildFile; fileRef = 7314C64F1FA8758C00D82CF1 /* Social.framework */; };
		731C9F821F975B7F0035394E /* dog.jpeg in Resources */ = {isa = PBXBuildFile; fileRef = 731C9F811F975B7F0035394E /* dog.jpeg */; };
		7329088F1FA338EF008A2847 /* cameraViewController.swift in Sources */ = {isa = PBXBuildFile; fileRef = 7329088E1FA338EF008A2847 /* cameraViewController.swift */; };
		734A8A0D1FAF1EBD0051CF55 /* ViewController2.swift in Sources */ = {isa = PBXBuildFile; fileRef = 734A8A0C1FAF1EBD0051CF55 /* ViewController2.swift */; };
		73D46D581F96106D00EC75FD /* plus.png in Resources */ = {isa = PBXBuildFile; fileRef = 73D46D571F96106D00EC75FD /* plus.png */; };
		73D46D5A1F9610DB00EC75FD /* plus2.png in Resources */ = {isa = PBXBuildFile; fileRef = 73D46D591F9610DB00EC75FD /* plus2.png */; };
/* End PBXBuildFile section */

/* Begin PBXFileReference section */
		002B96B954C4322052DB2492 /* Pods_dogInstagram.framework */ = {isa = PBXFileReference; explicitFileType = wrapper.framework; includeInIndex = 0; path = Pods_dogInstagram.framework; sourceTree = BUILT_PRODUCTS_DIR; };
		7304C9441F95BFDD00866FEF /* dogInstagram.app */ = {isa = PBXFileReference; explicitFileType = wrapper.application; includeInIndex = 0; path = dogInstagram.app; sourceTree = BUILT_PRODUCTS_DIR; };
		7304C9471F95BFDD00866FEF /* AppDelegate.swift */ = {isa = PBXFileReference; lastKnownFileType = sourcecode.swift; path = AppDelegate.swift; sourceTree = "<group>"; };
		7304C9491F95BFDD00866FEF /* ViewController.swift */ = {isa = PBXFileReference; lastKnownFileType = sourcecode.swift; path = ViewController.swift; sourceTree = "<group>"; };
		7304C94C1F95BFDD00866FEF /* Base */ = {isa = PBXFileReference; lastKnownFileType = file.storyboard; name = Base; path = Base.lproj/Main.storyboard; sourceTree = "<group>"; };
		7304C94E1F95BFDD00866FEF /* Assets.xcassets */ = {isa = PBXFileReference; lastKnownFileType = folder.assetcatalog; path = Assets.xcassets; sourceTree = "<group>"; };
		7304C9511F95BFDD00866FEF /* Base */ = {isa = PBXFileReference; lastKnownFileType = file.storyboard; name = Base; path = Base.lproj/LaunchScreen.storyboard; sourceTree = "<group>"; };
		7304C9531F95BFDD00866FEF /* Info.plist */ = {isa = PBXFileReference; lastKnownFileType = text.plist.xml; path = Info.plist; sourceTree = "<group>"; };
		7314C64F1FA8758C00D82CF1 /* Social.framework */ = {isa = PBXFileReference; lastKnownFileType = wrapper.framework; name = Social.framework; path = System/Library/Frameworks/Social.framework; sourceTree = SDKROOT; };
		731C9F811F975B7F0035394E /* dog.jpeg */ = {isa = PBXFileReference; lastKnownFileType = image.jpeg; path = dog.jpeg; sourceTree = "<group>"; };
		7329088E1FA338EF008A2847 /* cameraViewController.swift */ = {isa = PBXFileReference; lastKnownFileType = sourcecode.swift; path = cameraViewController.swift; sourceTree = "<group>"; };
		734A8A0C1FAF1EBD0051CF55 /* ViewController2.swift */ = {isa = PBXFileReference; lastKnownFileType = sourcecode.swift; name = ViewController2.swift; path = /Users/sasakurakazuya/Dropbox/ios/dogInstagram/dogInstagram/ViewController2.swift; sourceTree = "<absolute>"; };
		73D46D571F96106D00EC75FD /* plus.png */ = {isa = PBXFileReference; lastKnownFileType = image.png; path = plus.png; sourceTree = "<group>"; };
		73D46D591F9610DB00EC75FD /* plus2.png */ = {isa = PBXFileReference; lastKnownFileType = image.png; path = plus2.png; sourceTree = "<group>"; };
		96868E902F7A1572050A4F6E /* Pods-dogInstagram.debug.xcconfig */ = {isa = PBXFileReference; includeInIndex = 1; lastKnownFileType = text.xcconfig; name = "Pods-dogInstagram.debug.xcconfig"; path = "Pods/Target Support Files/Pods-dogInstagram/Pods-dogInstagram.debug.xcconfig"; sourceTree = "<group>"; };
		96E85792419C9D763A83112C /* Pods-dogInstagram.release.xcconfig */ = {isa = PBXFileReference; includeInIndex = 1; lastKnownFileType = text.xcconfig; name = "Pods-dogInstagram.release.xcconfig"; path = "Pods/Target Support Files/Pods-dogInstagram/Pods-dogInstagram.release.xcconfig"; sourceTree = "<group>"; };
/* End PBXFileReference section */

/* Begin PBXFrameworksBuildPhase section */
		7304C9411F95BFDD00866FEF /* Frameworks */ = {
			isa = PBXFrameworksBuildPhase;
			buildActionMask = 2147483647;
			files = (
				7314C6501FA875B600D82CF1 /* Social.framework in Frameworks */,
				35DA912D4FF5E1CC178E51C2 /* Pods_dogInstagram.framework in Frameworks */,
			);
			runOnlyForDeploymentPostprocessing = 0;
		};
/* End PBXFrameworksBuildPhase section */

/* Begin PBXGroup section */
		17C3018508B3D97B269A4B01 /* Frameworks */ = {
			isa = PBXGroup;
			children = (
				7314C64F1FA8758C00D82CF1 /* Social.framework */,
				002B96B954C4322052DB2492 /* Pods_dogInstagram.framework */,
			);
			name = Frameworks;
			sourceTree = "<group>";
		};
		7304C93B1F95BFDD00866FEF = {
			isa = PBXGroup;
			children = (
				7304C9461F95BFDD00866FEF /* dogInstagram */,
				7304C9451F95BFDD00866FEF /* Products */,
				91C95067248927DCF9D73423 /* Pods */,
				17C3018508B3D97B269A4B01 /* Frameworks */,
			);
			sourceTree = "<group>";
		};
		7304C9451F95BFDD00866FEF /* Products */ = {
			isa = PBXGroup;
			children = (
				7304C9441F95BFDD00866FEF /* dogInstagram.app */,
			);
			name = Products;
			sourceTree = "<group>";
		};
		7304C9461F95BFDD00866FEF /* dogInstagram */ = {
			isa = PBXGroup;
			children = (
				7304C9471F95BFDD00866FEF /* AppDelegate.swift */,
				7304C9491F95BFDD00866FEF /* ViewController.swift */,
				7304C94B1F95BFDD00866FEF /* Main.storyboard */,
				734A8A0C1FAF1EBD0051CF55 /* ViewController2.swift */,
				7329088E1FA338EF008A2847 /* cameraViewController.swift */,
				7304C94E1F95BFDD00866FEF /* Assets.xcassets */,
				7304C9501F95BFDD00866FEF /* LaunchScreen.storyboard */,
				7304C9531F95BFDD00866FEF /* Info.plist */,
				73D29CB41F95EC6100A6D97F /* icon */,
			);
			path = dogInstagram;
			sourceTree = "<group>";
		};
		73D29CB41F95EC6100A6D97F /* icon */ = {
			isa = PBXGroup;
			children = (
				73D46D591F9610DB00EC75FD /* plus2.png */,
				731C9F811F975B7F0035394E /* dog.jpeg */,
				73D46D571F96106D00EC75FD /* plus.png */,
			);
			path = icon;
			sourceTree = "<group>";
		};
		91C95067248927DCF9D73423 /* Pods */ = {
			isa = PBXGroup;
			children = (
				96868E902F7A1572050A4F6E /* Pods-dogInstagram.debug.xcconfig */,
				96E85792419C9D763A83112C /* Pods-dogInstagram.release.xcconfig */,
			);
			name = Pods;
			sourceTree = "<group>";
		};
/* End PBXGroup section */

/* Begin PBXNativeTarget section */
		7304C9431F95BFDD00866FEF /* dogInstagram */ = {
			isa = PBXNativeTarget;
			buildConfigurationList = 7304C9561F95BFDD00866FEF /* Build configuration list for PBXNativeTarget "dogInstagram" */;
			buildPhases = (
				FDA230B02E77024A16CAA717 /* [CP] Check Pods Manifest.lock */,
				7304C9401F95BFDD00866FEF /* Sources */,
				7304C9411F95BFDD00866FEF /* Frameworks */,
				7304C9421F95BFDD00866FEF /* Resources */,
				B5F88A57AA040EC6743F2CFE /* [CP] Embed Pods Frameworks */,
				97C50CC355FF86B5078BFA8D /* [CP] Copy Pods Resources */,
			);
			buildRules = (
			);
			dependencies = (
			);
			name = dogInstagram;
			productName = dogInstagram;
			productReference = 7304C9441F95BFDD00866FEF /* dogInstagram.app */;
			productType = "com.apple.product-type.application";
		};
/* End PBXNativeTarget section */

/* Begin PBXProject section */
		7304C93C1F95BFDD00866FEF /* Project object */ = {
			isa = PBXProject;
			attributes = {
				LastSwiftUpdateCheck = 0900;
				LastUpgradeCheck = 0900;
				ORGANIZATIONNAME = "笹倉 一也";
				TargetAttributes = {
					7304C9431F95BFDD00866FEF = {
						CreatedOnToolsVersion = 9.0;
						ProvisioningStyle = Automatic;
					};
				};
			};
			buildConfigurationList = 7304C93F1F95BFDD00866FEF /* Build configuration list for PBXProject "dogInstagram" */;
			compatibilityVersion = "Xcode 8.0";
			developmentRegion = en;
			hasScannedForEncodings = 0;
			knownRegions = (
				en,
				Base,
			);
			mainGroup = 7304C93B1F95BFDD00866FEF;
			productRefGroup = 7304C9451F95BFDD00866FEF /* Products */;
			projectDirPath = "";
			projectRoot = "";
			targets = (
				7304C9431F95BFDD00866FEF /* dogInstagram */,
			);
		};
/* End PBXProject section */

/* Begin PBXResourcesBuildPhase section */
		7304C9421F95BFDD00866FEF /* Resources */ = {
			isa = PBXResourcesBuildPhase;
			buildActionMask = 2147483647;
			files = (
				73D46D581F96106D00EC75FD /* plus.png in Resources */,
				73D46D5A1F9610DB00EC75FD /* plus2.png in Resources */,
				731C9F821F975B7F0035394E /* dog.jpeg in Resources */,
				7314B1CF1F95F6CA0049809F /* Main.storyboard in Resources */,
				7304C9521F95BFDD00866FEF /* LaunchScreen.storyboard in Resources */,
				7304C94F1F95BFDD00866FEF /* Assets.xcassets in Resources */,
			);
			runOnlyForDeploymentPostprocessing = 0;
		};
/* End PBXResourcesBuildPhase section */

/* Begin PBXShellScriptBuildPhase section */
		97C50CC355FF86B5078BFA8D /* [CP] Copy Pods Resources */ = {
			isa = PBXShellScriptBuildPhase;
			buildActionMask = 2147483647;
			files = (
			);
			inputPaths = (
			);
			name = "[CP] Copy Pods Resources";
			outputPaths = (
			);
			runOnlyForDeploymentPostprocessing = 0;
			shellPath = /bin/sh;
			shellScript = "\"${SRCROOT}/Pods/Target Support Files/Pods-dogInstagram/Pods-dogInstagram-resources.sh\"\n";
			showEnvVarsInLog = 0;
		};
		B5F88A57AA040EC6743F2CFE /* [CP] Embed Pods Frameworks */ = {
			isa = PBXShellScriptBuildPhase;
			buildActionMask = 2147483647;
			files = (
			);
			inputPaths = (
			);
			name = "[CP] Embed Pods Frameworks";
			outputPaths = (
			);
			runOnlyForDeploymentPostprocessing = 0;
			shellPath = /bin/sh;
			shellScript = "\"${SRCROOT}/Pods/Target Support Files/Pods-dogInstagram/Pods-dogInstagram-frameworks.sh\"\n";
			showEnvVarsInLog = 0;
		};
		FDA230B02E77024A16CAA717 /* [CP] Check Pods Manifest.lock */ = {
			isa = PBXShellScriptBuildPhase;
			buildActionMask = 2147483647;
			files = (
			);
			inputPaths = (
				"${PODS_PODFILE_DIR_PATH}/Podfile.lock",
				"${PODS_ROOT}/Manifest.lock",
			);
			name = "[CP] Check Pods Manifest.lock";
			outputPaths = (
				"$(DERIVED_FILE_DIR)/Pods-dogInstagram-checkManifestLockResult.txt",
			);
			runOnlyForDeploymentPostprocessing = 0;
			shellPath = /bin/sh;
			shellScript = "diff \"${PODS_PODFILE_DIR_PATH}/Podfile.lock\" \"${PODS_ROOT}/Manifest.lock\" > /dev/null\nif [ $? != 0 ] ; then\n    # print error to STDERR\n    echo \"error: The sandbox is not in sync with the Podfile.lock. Run 'pod install' or update your CocoaPods installation.\" >&2\n    exit 1\nfi\n# This output is used by Xcode 'outputs' to avoid re-running this script phase.\necho \"SUCCESS\" > \"${SCRIPT_OUTPUT_FILE_0}\"\n";
			showEnvVarsInLog = 0;
		};
/* End PBXShellScriptBuildPhase section */

/* Begin PBXSourcesBuildPhase section */
		7304C9401F95BFDD00866FEF /* Sources */ = {
			isa = PBXSourcesBuildPhase;
			buildActionMask = 2147483647;
			files = (
				7304C94A1F95BFDD00866FEF /* ViewController.swift in Sources */,
				734A8A0D1FAF1EBD0051CF55 /* ViewController2.swift in Sources */,
				7329088F1FA338EF008A2847 /* cameraViewController.swift in Sources */,
				7304C9481F95BFDD00866FEF /* AppDelegate.swift in Sources */,
			);
			runOnlyForDeploymentPostprocessing = 0;
		};
/* End PBXSourcesBuildPhase section */

/* Begin PBXVariantGroup section */
		7304C94B1F95BFDD00866FEF /* Main.storyboard */ = {
			isa = PBXVariantGroup;
			children = (
				7304C94C1F95BFDD00866FEF /* Base */,
			);
			name = Main.storyboard;
			sourceTree = "<group>";
		};
		7304C9501F95BFDD00866FEF /* LaunchScreen.storyboard */ = {
			isa = PBXVariantGroup;
			children = (
				7304C9511F95BFDD00866FEF /* Base */,
			);
			name = LaunchScreen.storyboard;
			sourceTree = "<group>";
		};
/* End PBXVariantGroup section */

/* Begin XCBuildConfiguration section */
		7304C9541F95BFDD00866FEF /* Debug */ = {
			isa = XCBuildConfiguration;
			buildSettings = {
				ALWAYS_SEARCH_USER_PATHS = NO;
				CLANG_ANALYZER_NONNULL = YES;
				CLANG_ANALYZER_NUMBER_OBJECT_CONVERSION = YES_AGGRESSIVE;
				CLANG_CXX_LANGUAGE_STANDARD = "gnu++14";
				CLANG_CXX_LIBRARY = "libc++";
				CLANG_ENABLE_MODULES = YES;
				CLANG_ENABLE_OBJC_ARC = YES;
				CLANG_WARN_BLOCK_CAPTURE_AUTORELEASING = YES;
				CLANG_WARN_BOOL_CONVERSION = YES;
				CLANG_WARN_COMMA = YES;
				CLANG_WARN_CONSTANT_CONVERSION = YES;
				CLANG_WARN_DIRECT_OBJC_ISA_USAGE = YES_ERROR;
				CLANG_WARN_DOCUMENTATION_COMMENTS = YES;
				CLANG_WARN_EMPTY_BODY = YES;
				CLANG_WARN_ENUM_CONVERSION = YES;
				CLANG_WARN_INFINITE_RECURSION = YES;
				CLANG_WARN_INT_CONVERSION = YES;
				CLANG_WARN_NON_LITERAL_NULL_CONVERSION = YES;
				CLANG_WARN_OBJC_LITERAL_CONVERSION = YES;
				CLANG_WARN_OBJC_ROOT_CLASS = YES_ERROR;
				CLANG_WARN_RANGE_LOOP_ANALYSIS = YES;
				CLANG_WARN_STRICT_PROTOTYPES = YES;
				CLANG_WARN_SUSPICIOUS_MOVE = YES;
				CLANG_WARN_UNGUARDED_AVAILABILITY = YES_AGGRESSIVE;
				CLANG_WARN_UNREACHABLE_CODE = YES;
				CLANG_WARN__DUPLICATE_METHOD_MATCH = YES;
				CODE_SIGN_IDENTITY = "iPhone Developer";
				COPY_PHASE_STRIP = NO;
				DEBUG_INFORMATION_FORMAT = dwarf;
				ENABLE_STRICT_OBJC_MSGSEND = YES;
				ENABLE_TESTABILITY = YES;
				GCC_C_LANGUAGE_STANDARD = gnu11;
				GCC_DYNAMIC_NO_PIC = NO;
				GCC_NO_COMMON_BLOCKS = YES;
				GCC_OPTIMIZATION_LEVEL = 0;
				GCC_PREPROCESSOR_DEFINITIONS = (
					"DEBUG=1",
					"$(inherited)",
				);
				GCC_WARN_64_TO_32_BIT_CONVERSION = YES;
				GCC_WARN_ABOUT_RETURN_TYPE = YES_ERROR;
				GCC_WARN_UNDECLARED_SELECTOR = YES;
				GCC_WARN_UNINITIALIZED_AUTOS = YES_AGGRESSIVE;
				GCC_WARN_UNUSED_FUNCTION = YES;
				GCC_WARN_UNUSED_VARIABLE = YES;
				IPHONEOS_DEPLOYMENT_TARGET = 11.0;
				MTL_ENABLE_DEBUG_INFO = YES;
				ONLY_ACTIVE_ARCH = YES;
				SDKROOT = iphoneos;
				SWIFT_ACTIVE_COMPILATION_CONDITIONS = DEBUG;
				SWIFT_OPTIMIZATION_LEVEL = "-Onone";
			};
			name = Debug;
		};
		7304C9551F95BFDD00866FEF /* Release */ = {
			isa = XCBuildConfiguration;
			buildSettings = {
				ALWAYS_SEARCH_USER_PATHS = NO;
				CLANG_ANALYZER_NONNULL = YES;
				CLANG_ANALYZER_NUMBER_OBJECT_CONVERSION = YES_AGGRESSIVE;
				CLANG_CXX_LANGUAGE_STANDARD = "gnu++14";
				CLANG_CXX_LIBRARY = "libc++";
				CLANG_ENABLE_MODULES = YES;
				CLANG_ENABLE_OBJC_ARC = YES;
				CLANG_WARN_BLOCK_CAPTURE_AUTORELEASING = YES;
				CLANG_WARN_BOOL_CONVERSION = YES;
				CLANG_WARN_COMMA = YES;
				CLANG_WARN_CONSTANT_CONVERSION = YES;
				CLANG_WARN_DIRECT_OBJC_ISA_USAGE = YES_ERROR;
				CLANG_WARN_DOCUMENTATION_COMMENTS = YES;
				CLANG_WARN_EMPTY_BODY = YES;
				CLANG_WARN_ENUM_CONVERSION = YES;
				CLANG_WARN_INFINITE_RECURSION = YES;
				CLANG_WARN_INT_CONVERSION = YES;
				CLANG_WARN_NON_LITERAL_NULL_CONVERSION = YES;
				CLANG_WARN_OBJC_LITERAL_CONVERSION = YES;
				CLANG_WARN_OBJC_ROOT_CLASS = YES_ERROR;
				CLANG_WARN_RANGE_LOOP_ANALYSIS = YES;
				CLANG_WARN_STRICT_PROTOTYPES = YES;
				CLANG_WARN_SUSPICIOUS_MOVE = YES;
				CLANG_WARN_UNGUARDED_AVAILABILITY = YES_AGGRESSIVE;
				CLANG_WARN_UNREACHABLE_CODE = YES;
				CLANG_WARN__DUPLICATE_METHOD_MATCH = YES;
				CODE_SIGN_IDENTITY = "iPhone Developer";
				COPY_PHASE_STRIP = NO;
				DEBUG_INFORMATION_FORMAT = "dwarf-with-dsym";
				ENABLE_NS_ASSERTIONS = NO;
				ENABLE_STRICT_OBJC_MSGSEND = YES;
				GCC_C_LANGUAGE_STANDARD = gnu11;
				GCC_NO_COMMON_BLOCKS = YES;
				GCC_WARN_64_TO_32_BIT_CONVERSION = YES;
				GCC_WARN_ABOUT_RETURN_TYPE = YES_ERROR;
				GCC_WARN_UNDECLARED_SELECTOR = YES;
				GCC_WARN_UNINITIALIZED_AUTOS = YES_AGGRESSIVE;
				GCC_WARN_UNUSED_FUNCTION = YES;
				GCC_WARN_UNUSED_VARIABLE = YES;
				IPHONEOS_DEPLOYMENT_TARGET = 11.0;
				MTL_ENABLE_DEBUG_INFO = NO;
				SDKROOT = iphoneos;
				SWIFT_OPTIMIZATION_LEVEL = "-Owholemodule";
				VALIDATE_PRODUCT = YES;
			};
			name = Release;
		};
		7304C9571F95BFDD00866FEF /* Debug */ = {
			isa = XCBuildConfiguration;
			baseConfigurationReference = 96868E902F7A1572050A4F6E /* Pods-dogInstagram.debug.xcconfig */;
			buildSettings = {
				ASSETCATALOG_COMPILER_APPICON_NAME = AppIcon;
				CODE_SIGN_STYLE = Automatic;
				DEVELOPMENT_TEAM = VNAV5S2KU6;
				INFOPLIST_FILE = dogInstagram/Info.plist;
				IPHONEOS_DEPLOYMENT_TARGET = 10.3;
				LD_RUNPATH_SEARCH_PATHS = "$(inherited) @executable_path/Frameworks";
				PRODUCT_BUNDLE_IDENTIFIER = jp.88company.dogInstagram;
				PRODUCT_NAME = "$(TARGET_NAME)";
				SWIFT_VERSION = 4.0;
				TARGETED_DEVICE_FAMILY = "1,2";
			};
			name = Debug;
		};
		7304C9581F95BFDD00866FEF /* Release */ = {
			isa = XCBuildConfiguration;
			baseConfigurationReference = 96E85792419C9D763A83112C /* Pods-dogInstagram.release.xcconfig */;
			buildSettings = {
				ASSETCATALOG_COMPILER_APPICON_NAME = AppIcon;
				CODE_SIGN_STYLE = Automatic;
				DEVELOPMENT_TEAM = VNAV5S2KU6;
				INFOPLIST_FILE = dogInstagram/Info.plist;
				IPHONEOS_DEPLOYMENT_TARGET = 10.3;
				LD_RUNPATH_SEARCH_PATHS = "$(inherited) @executable_path/Frameworks";
				PRODUCT_BUNDLE_IDENTIFIER = jp.88company.dogInstagram;
				PRODUCT_NAME = "$(TARGET_NAME)";
				SWIFT_VERSION = 4.0;
				TARGETED_DEVICE_FAMILY = "1,2";
			};
			name = Release;
		};
/* End XCBuildConfiguration section */

/* Begin XCConfigurationList section */
		7304C93F1F95BFDD00866FEF /* Build configuration list for PBXProject "dogInstagram" */ = {
			isa = XCConfigurationList;
			buildConfigurations = (
				7304C9541F95BFDD00866FEF /* Debug */,
				7304C9551F95BFDD00866FEF /* Release */,
			);
			defaultConfigurationIsVisible = 0;
			defaultConfigurationName = Release;
		};
		7304C9561F95BFDD00866FEF /* Build configuration list for PBXNativeTarget "dogInstagram" */ = {
			isa = XCConfigurationList;
			buildConfigurations = (
				7304C9571F95BFDD00866FEF /* Debug */,
				7304C9581F95BFDD00866FEF /* Release */,
			);
			defaultConfigurationIsVisible = 0;
			defaultConfigurationName = Release;
		};
/* End XCConfigurationList section */
	};
	rootObject = 7304C93C1F95BFDD00866FEF /* Project object */;
}
